
Microsoft Visual Studio Solution File, Format Version 12.00
# Visual Studio Version 16
VisualStudioVersion = 16.0.34114.132
MinimumVisualStudioVersion = 10.0.40219.1
Project("{FAE04EC0-301F-11D3-BF4B-00C04F79EFBC}") = "calculator_app", "calculator_app\calculator_app.csproj", "{13F631D8-5B3E-4EEF-80C9-C37020729252}"
EndProject
Global
	GlobalSection(SolutionConfigurationPlatforms) = preSolution
		Debug|Any CPU = Debug|Any CPU
		Release|Any CPU = Release|Any CPU
	EndGlobalSection
	GlobalSection(ProjectConfigurationPlatforms) = postSolution
		{13F631D8-5B3E-4EEF-80C9-C37020729252}.Debug|Any CPU.ActiveCfg = Debug|Any CPU
		{13F631D8-5B3E-4EEF-80C9-C37020729252}.Debug|Any CPU.Build.0 = Debug|Any CPU
		{13F631D8-5B3E-4EEF-80C9-C37020729252}.Release|Any CPU.ActiveCfg = Release|Any CPU
		{13F631D8-5B3E-4EEF-80C9-C37020729252}.Release|Any CPU.Build.0 = Release|Any CPU
	EndGlobalSection
	GlobalSection(SolutionProperties) = preSolution
		HideSolutionNode = FALSE
	EndGlobalSection
	GlobalSection(ExtensibilityGlobals) = postSolution
		SolutionGuid = {5DB2958B-0A9C-4D35-981E-3696D13206E3}
	EndGlobalSection
EndGlobal
